
Microsoft Visual Studio Solution File, Format Version 12.00
# Visual Studio Version 16
VisualStudioVersion = 16.0.30611.23
MinimumVisualStudioVersion = 10.0.40219.1
Project("{FAE04EC0-301F-11D3-BF4B-00C04F79EFBC}") = "Proiect_ Savina_Ioana", "Proiect_ Savina_Ioana.csproj", "{647433D6-F3BA-4FAF-A669-A30AEC4E69EE}"
EndProject
Global
	GlobalSection(SolutionConfigurationPlatforms) = preSolution
		Debug|Any CPU = Debug|Any CPU
		Release|Any CPU = Release|Any CPU
	EndGlobalSection
	GlobalSection(ProjectConfigurationPlatforms) = postSolution
		{647433D6-F3BA-4FAF-A669-A30AEC4E69EE}.Debug|Any CPU.ActiveCfg = Debug|Any CPU
		{647433D6-F3BA-4FAF-A669-A30AEC4E69EE}.Debug|Any CPU.Build.0 = Debug|Any CPU
		{647433D6-F3BA-4FAF-A669-A30AEC4E69EE}.Release|Any CPU.ActiveCfg = Release|Any CPU
		{647433D6-F3BA-4FAF-A669-A30AEC4E69EE}.Release|Any CPU.Build.0 = Release|Any CPU
	EndGlobalSection
	GlobalSection(SolutionProperties) = preSolution
		HideSolutionNode = FALSE
	EndGlobalSection
	GlobalSection(ExtensibilityGlobals) = postSolution
		SolutionGuid = {A2D3BD78-C0F4-408A-9F63-501F76CD2052}
	EndGlobalSection
EndGlobal
